
Microsoft Visual Studio Solution File, Format Version 12.00
# Visual Studio Version 16
VisualStudioVersion = 16.0.29519.87
MinimumVisualStudioVersion = 10.0.40219.1
Project("{FAE04EC0-301F-11D3-BF4B-00C04F79EFBC}") = "WCFChat", "WCFChat\WCFChat.csproj", "{3B0F87DF-2CB7-4864-BB41-18E638533A96}"
EndProject
Project("{FAE04EC0-301F-11D3-BF4B-00C04F79EFBC}") = "WPFChatView", "WPFChatView\WPFChatView.csproj", "{1C97E5A6-6F2E-4CFB-9B7B-C110AA72827F}"
	ProjectSection(ProjectDependencies) = postProject
		{3B0F87DF-2CB7-4864-BB41-18E638533A96} = {3B0F87DF-2CB7-4864-BB41-18E638533A96}
	EndProjectSection
EndProject
Global
	GlobalSection(SolutionConfigurationPlatforms) = preSolution
		Debug|Any CPU = Debug|Any CPU
		Release|Any CPU = Release|Any CPU
	EndGlobalSection
	GlobalSection(ProjectConfigurationPlatforms) = postSolution
		{3B0F87DF-2CB7-4864-BB41-18E638533A96}.Debug|Any CPU.ActiveCfg = Debug|Any CPU
		{3B0F87DF-2CB7-4864-BB41-18E638533A96}.Debug|Any CPU.Build.0 = Debug|Any CPU
		{3B0F87DF-2CB7-4864-BB41-18E638533A96}.Release|Any CPU.ActiveCfg = Release|Any CPU
		{3B0F87DF-2CB7-4864-BB41-18E638533A96}.Release|Any CPU.Build.0 = Release|Any CPU
		{1C97E5A6-6F2E-4CFB-9B7B-C110AA72827F}.Debug|Any CPU.ActiveCfg = Debug|Any CPU
		{1C97E5A6-6F2E-4CFB-9B7B-C110AA72827F}.Debug|Any CPU.Build.0 = Debug|Any CPU
		{1C97E5A6-6F2E-4CFB-9B7B-C110AA72827F}.Release|Any CPU.ActiveCfg = Release|Any CPU
		{1C97E5A6-6F2E-4CFB-9B7B-C110AA72827F}.Release|Any CPU.Build.0 = Release|Any CPU
	EndGlobalSection
	GlobalSection(SolutionProperties) = preSolution
		HideSolutionNode = FALSE
	EndGlobalSection
	GlobalSection(ExtensibilityGlobals) = postSolution
		SolutionGuid = {D596A8E7-1F90-4458-B723-E510ECD8A8E2}
	EndGlobalSection
EndGlobal
