
Microsoft Visual Studio Solution File, Format Version 12.00
# Visual Studio Version 16
VisualStudioVersion = 16.0.29519.181
MinimumVisualStudioVersion = 10.0.40219.1
Project("{9A19103F-16F7-4668-BE54-9A1E7A4F7556}") = "CoreWCFServer", "CoreWCFServer\CoreWCFServer.csproj", "{BEB02506-9BFA-4A71-ADC0-740500952BAF}"
EndProject
Project("{FAE04EC0-301F-11D3-BF4B-00C04F79EFBC}") = "WPFClient", "WPFClient\WPFClient.csproj", "{03CE3D1E-F7C9-4DDA-9A2F-F9A77CC08148}"
EndProject
Global
	GlobalSection(SolutionConfigurationPlatforms) = preSolution
		Debug|Any CPU = Debug|Any CPU
		Release|Any CPU = Release|Any CPU
	EndGlobalSection
	GlobalSection(ProjectConfigurationPlatforms) = postSolution
		{BEB02506-9BFA-4A71-ADC0-740500952BAF}.Debug|Any CPU.ActiveCfg = Debug|Any CPU
		{BEB02506-9BFA-4A71-ADC0-740500952BAF}.Debug|Any CPU.Build.0 = Debug|Any CPU
		{BEB02506-9BFA-4A71-ADC0-740500952BAF}.Release|Any CPU.ActiveCfg = Release|Any CPU
		{BEB02506-9BFA-4A71-ADC0-740500952BAF}.Release|Any CPU.Build.0 = Release|Any CPU
		{03CE3D1E-F7C9-4DDA-9A2F-F9A77CC08148}.Debug|Any CPU.ActiveCfg = Debug|Any CPU
		{03CE3D1E-F7C9-4DDA-9A2F-F9A77CC08148}.Debug|Any CPU.Build.0 = Debug|Any CPU
		{03CE3D1E-F7C9-4DDA-9A2F-F9A77CC08148}.Release|Any CPU.ActiveCfg = Release|Any CPU
		{03CE3D1E-F7C9-4DDA-9A2F-F9A77CC08148}.Release|Any CPU.Build.0 = Release|Any CPU
	EndGlobalSection
	GlobalSection(SolutionProperties) = preSolution
		HideSolutionNode = FALSE
	EndGlobalSection
	GlobalSection(ExtensibilityGlobals) = postSolution
		SolutionGuid = {879BB9FC-D3DC-4FB7-A519-A5ED76EBCE04}
	EndGlobalSection
EndGlobal
