
Microsoft Visual Studio Solution File, Format Version 12.00
# Visual Studio Version 16
VisualStudioVersion = 16.0.29519.181
MinimumVisualStudioVersion = 10.0.40219.1
Project("{FAE04EC0-301F-11D3-BF4B-00C04F79EFBC}") = "Server", "Server\Server.csproj", "{57C7A39D-50C6-4ADE-B0C6-E3E0269C2282}"
EndProject
Project("{9A19103F-16F7-4668-BE54-9A1E7A4F7556}") = "WPFClient", "WPFClient\WPFClient.csproj", "{0D1E563C-15B7-4FD9-93BB-52ECA8731DF5}"
EndProject
Project("{9A19103F-16F7-4668-BE54-9A1E7A4F7556}") = "SharedLibrary", "SharedLibrary\SharedLibrary.csproj", "{C242BD3A-F91C-4B22-B2EA-12A17AF43383}"
EndProject
Global
	GlobalSection(SolutionConfigurationPlatforms) = preSolution
		Debug|Any CPU = Debug|Any CPU
		Release|Any CPU = Release|Any CPU
	EndGlobalSection
	GlobalSection(ProjectConfigurationPlatforms) = postSolution
		{57C7A39D-50C6-4ADE-B0C6-E3E0269C2282}.Debug|Any CPU.ActiveCfg = Debug|Any CPU
		{57C7A39D-50C6-4ADE-B0C6-E3E0269C2282}.Debug|Any CPU.Build.0 = Debug|Any CPU
		{57C7A39D-50C6-4ADE-B0C6-E3E0269C2282}.Release|Any CPU.ActiveCfg = Release|Any CPU
		{57C7A39D-50C6-4ADE-B0C6-E3E0269C2282}.Release|Any CPU.Build.0 = Release|Any CPU
		{0D1E563C-15B7-4FD9-93BB-52ECA8731DF5}.Debug|Any CPU.ActiveCfg = Debug|Any CPU
		{0D1E563C-15B7-4FD9-93BB-52ECA8731DF5}.Debug|Any CPU.Build.0 = Debug|Any CPU
		{0D1E563C-15B7-4FD9-93BB-52ECA8731DF5}.Release|Any CPU.ActiveCfg = Release|Any CPU
		{0D1E563C-15B7-4FD9-93BB-52ECA8731DF5}.Release|Any CPU.Build.0 = Release|Any CPU
		{C242BD3A-F91C-4B22-B2EA-12A17AF43383}.Debug|Any CPU.ActiveCfg = Debug|Any CPU
		{C242BD3A-F91C-4B22-B2EA-12A17AF43383}.Debug|Any CPU.Build.0 = Debug|Any CPU
		{C242BD3A-F91C-4B22-B2EA-12A17AF43383}.Release|Any CPU.ActiveCfg = Release|Any CPU
		{C242BD3A-F91C-4B22-B2EA-12A17AF43383}.Release|Any CPU.Build.0 = Release|Any CPU
	EndGlobalSection
	GlobalSection(SolutionProperties) = preSolution
		HideSolutionNode = FALSE
	EndGlobalSection
	GlobalSection(ExtensibilityGlobals) = postSolution
		SolutionGuid = {279E1143-B846-478D-9EDB-6D5B0A41F633}
	EndGlobalSection
EndGlobal
